
Microsoft Visual Studio Solution File, Format Version 12.00
# Visual Studio Version 17
VisualStudioVersion = 17.0.32112.339
MinimumVisualStudioVersion = 10.0.40219.1
Project("{9A19103F-16F7-4668-BE54-9A1E7A4F7556}") = "UbStudyHelp", "UbStudyHelpCore\UbStudyHelp\UbStudyHelp.csproj", "{032746BB-96FB-4F5D-80FC-1693BEB72CC5}"
EndProject
Project("{2150E333-8FDC-42A3-9474-1A3956D46DE8}") = "Solution Items", "Solution Items", "{0DCC448B-8E2E-4851-A00A-AD81B00E6E15}"
	ProjectSection(SolutionItems) = preProject
		UbStudyHelpCore\.editorconfig = UbStudyHelpCore\.editorconfig
	EndProjectSection
EndProject
Project("{9A19103F-16F7-4668-BE54-9A1E7A4F7556}") = "UbStandardObjects", "..\UbStandardObjects\UbStandardObjects.csproj", "{FF2C385C-F0E1-4BBA-8897-30A7C3613080}"
EndProject
Global
	GlobalSection(SolutionConfigurationPlatforms) = preSolution
		Debug|Any CPU = Debug|Any CPU
		Debug|ARM = Debug|ARM
		Debug|ARM64 = Debug|ARM64
		Debug|x64 = Debug|x64
		Debug|x86 = Debug|x86
		Release|Any CPU = Release|Any CPU
		Release|ARM = Release|ARM
		Release|ARM64 = Release|ARM64
		Release|x64 = Release|x64
		Release|x86 = Release|x86
	EndGlobalSection
	GlobalSection(ProjectConfigurationPlatforms) = postSolution
		{032746BB-96FB-4F5D-80FC-1693BEB72CC5}.Debug|Any CPU.ActiveCfg = Debug|Any CPU
		{032746BB-96FB-4F5D-80FC-1693BEB72CC5}.Debug|Any CPU.Build.0 = Debug|Any CPU
		{032746BB-96FB-4F5D-80FC-1693BEB72CC5}.Debug|ARM.ActiveCfg = Debug|Any CPU
		{032746BB-96FB-4F5D-80FC-1693BEB72CC5}.Debug|ARM.Build.0 = Debug|Any CPU
		{032746BB-96FB-4F5D-80FC-1693BEB72CC5}.Debug|ARM64.ActiveCfg = Debug|Any CPU
		{032746BB-96FB-4F5D-80FC-1693BEB72CC5}.Debug|ARM64.Build.0 = Debug|Any CPU
		{032746BB-96FB-4F5D-80FC-1693BEB72CC5}.Debug|x64.ActiveCfg = Debug|Any CPU
		{032746BB-96FB-4F5D-80FC-1693BEB72CC5}.Debug|x64.Build.0 = Debug|Any CPU
		{032746BB-96FB-4F5D-80FC-1693BEB72CC5}.Debug|x86.ActiveCfg = Debug|Any CPU
		{032746BB-96FB-4F5D-80FC-1693BEB72CC5}.Debug|x86.Build.0 = Debug|Any CPU
		{032746BB-96FB-4F5D-80FC-1693BEB72CC5}.Release|Any CPU.ActiveCfg = Release|Any CPU
		{032746BB-96FB-4F5D-80FC-1693BEB72CC5}.Release|Any CPU.Build.0 = Release|Any CPU
		{032746BB-96FB-4F5D-80FC-1693BEB72CC5}.Release|ARM.ActiveCfg = Release|Any CPU
		{032746BB-96FB-4F5D-80FC-1693BEB72CC5}.Release|ARM.Build.0 = Release|Any CPU
		{032746BB-96FB-4F5D-80FC-1693BEB72CC5}.Release|ARM64.ActiveCfg = Release|Any CPU
		{032746BB-96FB-4F5D-80FC-1693BEB72CC5}.Release|ARM64.Build.0 = Release|Any CPU
		{032746BB-96FB-4F5D-80FC-1693BEB72CC5}.Release|x64.ActiveCfg = Release|Any CPU
		{032746BB-96FB-4F5D-80FC-1693BEB72CC5}.Release|x64.Build.0 = Release|Any CPU
		{032746BB-96FB-4F5D-80FC-1693BEB72CC5}.Release|x86.ActiveCfg = Release|Any CPU
		{032746BB-96FB-4F5D-80FC-1693BEB72CC5}.Release|x86.Build.0 = Release|Any CPU
		{FF2C385C-F0E1-4BBA-8897-30A7C3613080}.Debug|Any CPU.ActiveCfg = Debug|Any CPU
		{FF2C385C-F0E1-4BBA-8897-30A7C3613080}.Debug|Any CPU.Build.0 = Debug|Any CPU
		{FF2C385C-F0E1-4BBA-8897-30A7C3613080}.Debug|ARM.ActiveCfg = Debug|Any CPU
		{FF2C385C-F0E1-4BBA-8897-30A7C3613080}.Debug|ARM.Build.0 = Debug|Any CPU
		{FF2C385C-F0E1-4BBA-8897-30A7C3613080}.Debug|ARM64.ActiveCfg = Debug|Any CPU
		{FF2C385C-F0E1-4BBA-8897-30A7C3613080}.Debug|ARM64.Build.0 = Debug|Any CPU
		{FF2C385C-F0E1-4BBA-8897-30A7C3613080}.Debug|x64.ActiveCfg = Debug|Any CPU
		{FF2C385C-F0E1-4BBA-8897-30A7C3613080}.Debug|x64.Build.0 = Debug|Any CPU
		{FF2C385C-F0E1-4BBA-8897-30A7C3613080}.Debug|x86.ActiveCfg = Debug|Any CPU
		{FF2C385C-F0E1-4BBA-8897-30A7C3613080}.Debug|x86.Build.0 = Debug|Any CPU
		{FF2C385C-F0E1-4BBA-8897-30A7C3613080}.Release|Any CPU.ActiveCfg = Release|Any CPU
		{FF2C385C-F0E1-4BBA-8897-30A7C3613080}.Release|Any CPU.Build.0 = Release|Any CPU
		{FF2C385C-F0E1-4BBA-8897-30A7C3613080}.Release|ARM.ActiveCfg = Release|Any CPU
		{FF2C385C-F0E1-4BBA-8897-30A7C3613080}.Release|ARM.Build.0 = Release|Any CPU
		{FF2C385C-F0E1-4BBA-8897-30A7C3613080}.Release|ARM64.ActiveCfg = Release|Any CPU
		{FF2C385C-F0E1-4BBA-8897-30A7C3613080}.Release|ARM64.Build.0 = Release|Any CPU
		{FF2C385C-F0E1-4BBA-8897-30A7C3613080}.Release|x64.ActiveCfg = Release|Any CPU
		{FF2C385C-F0E1-4BBA-8897-30A7C3613080}.Release|x64.Build.0 = Release|Any CPU
		{FF2C385C-F0E1-4BBA-8897-30A7C3613080}.Release|x86.ActiveCfg = Release|Any CPU
		{FF2C385C-F0E1-4BBA-8897-30A7C3613080}.Release|x86.Build.0 = Release|Any CPU
	EndGlobalSection
	GlobalSection(SolutionProperties) = preSolution
		HideSolutionNode = FALSE
	EndGlobalSection
	GlobalSection(ExtensibilityGlobals) = postSolution
		SolutionGuid = {AFE5D40D-1624-49AF-827C-3346A457EF8D}
	EndGlobalSection
EndGlobal
