
Microsoft Visual Studio Solution File, Format Version 12.00
# Visual Studio Version 16
VisualStudioVersion = 16.0.31702.278
MinimumVisualStudioVersion = 10.0.40219.1
Project("{9A19103F-16F7-4668-BE54-9A1E7A4F7556}") = "UbStudyHelp", "UbStudyHelp\UbStudyHelp.csproj", "{032746BB-96FB-4F5D-80FC-1693BEB72CC5}"
EndProject
Project("{2150E333-8FDC-42A3-9474-1A3956D46DE8}") = "Solution Items", "Solution Items", "{495194D9-3511-48E7-913C-EBC1B20A75EB}"
	ProjectSection(SolutionItems) = preProject
		..\..\Urantia-Translators\Publish.bat = ..\..\Urantia-Translators\Publish.bat
	EndProjectSection
EndProject
Project("{9A19103F-16F7-4668-BE54-9A1E7A4F7556}") = "MdXaml", "MdXaml\MdXaml.csproj", "{DEC897E0-0547-4408-B18C-BA6DB3F9B4AA}"
EndProject
Project("{9A19103F-16F7-4668-BE54-9A1E7A4F7556}") = "WpfAppTest", "..\WpfAppTest\WpfAppTest.csproj", "{BB6C4508-3C69-4FFF-9A3C-0CBED91150B9}"
EndProject
Project("{9A19103F-16F7-4668-BE54-9A1E7A4F7556}") = "UbStudyHelpMSTest", "UbStudyHelpMSTest\UbStudyHelpMSTest.csproj", "{2236798C-CAB6-4CF2-A77D-E6B5805398F7}"
EndProject
Global
	GlobalSection(SolutionConfigurationPlatforms) = preSolution
		Debug|Any CPU = Debug|Any CPU
		Release|Any CPU = Release|Any CPU
	EndGlobalSection
	GlobalSection(ProjectConfigurationPlatforms) = postSolution
		{032746BB-96FB-4F5D-80FC-1693BEB72CC5}.Debug|Any CPU.ActiveCfg = Debug|Any CPU
		{032746BB-96FB-4F5D-80FC-1693BEB72CC5}.Debug|Any CPU.Build.0 = Debug|Any CPU
		{032746BB-96FB-4F5D-80FC-1693BEB72CC5}.Release|Any CPU.ActiveCfg = Release|Any CPU
		{032746BB-96FB-4F5D-80FC-1693BEB72CC5}.Release|Any CPU.Build.0 = Release|Any CPU
		{DEC897E0-0547-4408-B18C-BA6DB3F9B4AA}.Debug|Any CPU.ActiveCfg = Debug|Any CPU
		{DEC897E0-0547-4408-B18C-BA6DB3F9B4AA}.Release|Any CPU.ActiveCfg = Release|Any CPU
		{DEC897E0-0547-4408-B18C-BA6DB3F9B4AA}.Release|Any CPU.Build.0 = Release|Any CPU
		{BB6C4508-3C69-4FFF-9A3C-0CBED91150B9}.Debug|Any CPU.ActiveCfg = Debug|Any CPU
		{BB6C4508-3C69-4FFF-9A3C-0CBED91150B9}.Debug|Any CPU.Build.0 = Debug|Any CPU
		{BB6C4508-3C69-4FFF-9A3C-0CBED91150B9}.Release|Any CPU.ActiveCfg = Release|Any CPU
		{BB6C4508-3C69-4FFF-9A3C-0CBED91150B9}.Release|Any CPU.Build.0 = Release|Any CPU
		{2236798C-CAB6-4CF2-A77D-E6B5805398F7}.Debug|Any CPU.ActiveCfg = Debug|Any CPU
		{2236798C-CAB6-4CF2-A77D-E6B5805398F7}.Debug|Any CPU.Build.0 = Debug|Any CPU
		{2236798C-CAB6-4CF2-A77D-E6B5805398F7}.Release|Any CPU.ActiveCfg = Release|Any CPU
		{2236798C-CAB6-4CF2-A77D-E6B5805398F7}.Release|Any CPU.Build.0 = Release|Any CPU
	EndGlobalSection
	GlobalSection(SolutionProperties) = preSolution
		HideSolutionNode = FALSE
	EndGlobalSection
	GlobalSection(ExtensibilityGlobals) = postSolution
		SolutionGuid = {AFE5D40D-1624-49AF-827C-3346A457EF8D}
	EndGlobalSection
EndGlobal
